
Microsoft Visual Studio Solution File, Format Version 12.00
# Visual Studio Version 17
VisualStudioVersion = 17.0.31903.59
MinimumVisualStudioVersion = 10.0.40219.1
Project("{2150E333-8FDC-42A3-9474-1A3956D46DE8}") = "src", "src", "{827E0CD3-B72D-47B6-A68D-7590B98EB39B}"
EndProject
Project("{2150E333-8FDC-42A3-9474-1A3956D46DE8}") = "Simulators", "Simulators", "{3C6691E8-081E-D8F5-5181-428471EC9255}"
EndProject
Project("{FAE04EC0-301F-11D3-BF4B-00C04F79EFBC}") = "MathIpSim.Simulator", "src\Simulators\MathIpSim.Simulator\MathIpSim.Simulator.csproj", "{D8A625E5-EE02-43A9-AF3D-FD668541D26C}"
EndProject
Project("{FAE04EC0-301F-11D3-BF4B-00C04F79EFBC}") = "MathIpSim.Daemon", "src\Simulators\MathIpSim.Daemon\MathIpSim.Daemon.csproj", "{7DE01337-BBB8-4C3E-BCE3-BB0BFB36AA1B}"
EndProject
Project("{2150E333-8FDC-42A3-9474-1A3956D46DE8}") = "Clients", "Clients", "{00B920E4-100F-D869-D8B1-04B3A2ED45DA}"
EndProject
Project("{FAE04EC0-301F-11D3-BF4B-00C04F79EFBC}") = "MathIpSim.Client.CSharp.Ipc", "src\Clients\MathIpSim.Client.CSharp.Ipc\MathIpSim.Client.CSharp.Ipc.csproj", "{204AB815-222E-495F-AC9A-58496A322799}"
EndProject
Project("{FAE04EC0-301F-11D3-BF4B-00C04F79EFBC}") = "MathIpSim.Client.CSharp.Direct", "src\Clients\MathIpSim.Client.CSharp.Direct\MathIpSim.Client.CSharp.Direct.csproj", "{8031A2A9-C4E8-4D77-A69F-8BB0EF662D35}"
EndProject
Project("{2150E333-8FDC-42A3-9474-1A3956D46DE8}") = "tests", "tests", "{0AB3BF05-4346-4AA6-1389-037BE0695223}"
EndProject
Project("{FAE04EC0-301F-11D3-BF4B-00C04F79EFBC}") = "MathIpSim.Tests", "tests\MathIpSim.Tests\MathIpSim.Tests.csproj", "{78E7F05D-7B84-44A2-9A0C-B4DF084CCD6C}"
EndProject
Global
	GlobalSection(SolutionConfigurationPlatforms) = preSolution
		Debug|Any CPU = Debug|Any CPU
		Debug|x64 = Debug|x64
		Debug|x86 = Debug|x86
		Release|Any CPU = Release|Any CPU
		Release|x64 = Release|x64
		Release|x86 = Release|x86
	EndGlobalSection
	GlobalSection(ProjectConfigurationPlatforms) = postSolution
		{D8A625E5-EE02-43A9-AF3D-FD668541D26C}.Debug|Any CPU.ActiveCfg = Debug|Any CPU
		{D8A625E5-EE02-43A9-AF3D-FD668541D26C}.Debug|Any CPU.Build.0 = Debug|Any CPU
		{D8A625E5-EE02-43A9-AF3D-FD668541D26C}.Debug|x64.ActiveCfg = Debug|Any CPU
		{D8A625E5-EE02-43A9-AF3D-FD668541D26C}.Debug|x64.Build.0 = Debug|Any CPU
		{D8A625E5-EE02-43A9-AF3D-FD668541D26C}.Debug|x86.ActiveCfg = Debug|Any CPU
		{D8A625E5-EE02-43A9-AF3D-FD668541D26C}.Debug|x86.Build.0 = Debug|Any CPU
		{D8A625E5-EE02-43A9-AF3D-FD668541D26C}.Release|Any CPU.ActiveCfg = Release|Any CPU
		{D8A625E5-EE02-43A9-AF3D-FD668541D26C}.Release|Any CPU.Build.0 = Release|Any CPU
		{D8A625E5-EE02-43A9-AF3D-FD668541D26C}.Release|x64.ActiveCfg = Release|Any CPU
		{D8A625E5-EE02-43A9-AF3D-FD668541D26C}.Release|x64.Build.0 = Release|Any CPU
		{D8A625E5-EE02-43A9-AF3D-FD668541D26C}.Release|x86.ActiveCfg = Release|Any CPU
		{D8A625E5-EE02-43A9-AF3D-FD668541D26C}.Release|x86.Build.0 = Release|Any CPU
		{7DE01337-BBB8-4C3E-BCE3-BB0BFB36AA1B}.Debug|Any CPU.ActiveCfg = Debug|Any CPU
		{7DE01337-BBB8-4C3E-BCE3-BB0BFB36AA1B}.Debug|Any CPU.Build.0 = Debug|Any CPU
		{7DE01337-BBB8-4C3E-BCE3-BB0BFB36AA1B}.Debug|x64.ActiveCfg = Debug|Any CPU
		{7DE01337-BBB8-4C3E-BCE3-BB0BFB36AA1B}.Debug|x64.Build.0 = Debug|Any CPU
		{7DE01337-BBB8-4C3E-BCE3-BB0BFB36AA1B}.Debug|x86.ActiveCfg = Debug|Any CPU
		{7DE01337-BBB8-4C3E-BCE3-BB0BFB36AA1B}.Debug|x86.Build.0 = Debug|Any CPU
		{7DE01337-BBB8-4C3E-BCE3-BB0BFB36AA1B}.Release|Any CPU.ActiveCfg = Release|Any CPU
		{7DE01337-BBB8-4C3E-BCE3-BB0BFB36AA1B}.Release|Any CPU.Build.0 = Release|Any CPU
		{7DE01337-BBB8-4C3E-BCE3-BB0BFB36AA1B}.Release|x64.ActiveCfg = Release|Any CPU
		{7DE01337-BBB8-4C3E-BCE3-BB0BFB36AA1B}.Release|x64.Build.0 = Release|Any CPU
		{7DE01337-BBB8-4C3E-BCE3-BB0BFB36AA1B}.Release|x86.ActiveCfg = Release|Any CPU
		{7DE01337-BBB8-4C3E-BCE3-BB0BFB36AA1B}.Release|x86.Build.0 = Release|Any CPU
		{204AB815-222E-495F-AC9A-58496A322799}.Debug|Any CPU.ActiveCfg = Debug|Any CPU
		{204AB815-222E-495F-AC9A-58496A322799}.Debug|Any CPU.Build.0 = Debug|Any CPU
		{204AB815-222E-495F-AC9A-58496A322799}.Debug|x64.ActiveCfg = Debug|Any CPU
		{204AB815-222E-495F-AC9A-58496A322799}.Debug|x64.Build.0 = Debug|Any CPU
		{204AB815-222E-495F-AC9A-58496A322799}.Debug|x86.ActiveCfg = Debug|Any CPU
		{204AB815-222E-495F-AC9A-58496A322799}.Debug|x86.Build.0 = Debug|Any CPU
		{204AB815-222E-495F-AC9A-58496A322799}.Release|Any CPU.ActiveCfg = Release|Any CPU
		{204AB815-222E-495F-AC9A-58496A322799}.Release|Any CPU.Build.0 = Release|Any CPU
		{204AB815-222E-495F-AC9A-58496A322799}.Release|x64.ActiveCfg = Release|Any CPU
		{204AB815-222E-495F-AC9A-58496A322799}.Release|x64.Build.0 = Release|Any CPU
		{204AB815-222E-495F-AC9A-58496A322799}.Release|x86.ActiveCfg = Release|Any CPU
		{204AB815-222E-495F-AC9A-58496A322799}.Release|x86.Build.0 = Release|Any CPU
		{8031A2A9-C4E8-4D77-A69F-8BB0EF662D35}.Debug|Any CPU.ActiveCfg = Debug|Any CPU
		{8031A2A9-C4E8-4D77-A69F-8BB0EF662D35}.Debug|Any CPU.Build.0 = Debug|Any CPU
		{8031A2A9-C4E8-4D77-A69F-8BB0EF662D35}.Debug|x64.ActiveCfg = Debug|Any CPU
		{8031A2A9-C4E8-4D77-A69F-8BB0EF662D35}.Debug|x64.Build.0 = Debug|Any CPU
		{8031A2A9-C4E8-4D77-A69F-8BB0EF662D35}.Debug|x86.ActiveCfg = Debug|Any CPU
		{8031A2A9-C4E8-4D77-A69F-8BB0EF662D35}.Debug|x86.Build.0 = Debug|Any CPU
		{8031A2A9-C4E8-4D77-A69F-8BB0EF662D35}.Release|Any CPU.ActiveCfg = Release|Any CPU
		{8031A2A9-C4E8-4D77-A69F-8BB0EF662D35}.Release|Any CPU.Build.0 = Release|Any CPU
		{8031A2A9-C4E8-4D77-A69F-8BB0EF662D35}.Release|x64.ActiveCfg = Release|Any CPU
		{8031A2A9-C4E8-4D77-A69F-8BB0EF662D35}.Release|x64.Build.0 = Release|Any CPU
		{8031A2A9-C4E8-4D77-A69F-8BB0EF662D35}.Release|x86.ActiveCfg = Release|Any CPU
		{8031A2A9-C4E8-4D77-A69F-8BB0EF662D35}.Release|x86.Build.0 = Release|Any CPU
		{78E7F05D-7B84-44A2-9A0C-B4DF084CCD6C}.Debug|Any CPU.ActiveCfg = Debug|Any CPU
		{78E7F05D-7B84-44A2-9A0C-B4DF084CCD6C}.Debug|Any CPU.Build.0 = Debug|Any CPU
		{78E7F05D-7B84-44A2-9A0C-B4DF084CCD6C}.Debug|x64.ActiveCfg = Debug|Any CPU
		{78E7F05D-7B84-44A2-9A0C-B4DF084CCD6C}.Debug|x64.Build.0 = Debug|Any CPU
		{78E7F05D-7B84-44A2-9A0C-B4DF084CCD6C}.Debug|x86.ActiveCfg = Debug|Any CPU
		{78E7F05D-7B84-44A2-9A0C-B4DF084CCD6C}.Debug|x86.Build.0 = Debug|Any CPU
		{78E7F05D-7B84-44A2-9A0C-B4DF084CCD6C}.Release|Any CPU.ActiveCfg = Release|Any CPU
		{78E7F05D-7B84-44A2-9A0C-B4DF084CCD6C}.Release|Any CPU.Build.0 = Release|Any CPU
		{78E7F05D-7B84-44A2-9A0C-B4DF084CCD6C}.Release|x64.ActiveCfg = Release|Any CPU
		{78E7F05D-7B84-44A2-9A0C-B4DF084CCD6C}.Release|x64.Build.0 = Release|Any CPU
		{78E7F05D-7B84-44A2-9A0C-B4DF084CCD6C}.Release|x86.ActiveCfg = Release|Any CPU
		{78E7F05D-7B84-44A2-9A0C-B4DF084CCD6C}.Release|x86.Build.0 = Release|Any CPU
	EndGlobalSection
	GlobalSection(SolutionProperties) = preSolution
		HideSolutionNode = FALSE
	EndGlobalSection
	GlobalSection(NestedProjects) = preSolution
		{3C6691E8-081E-D8F5-5181-428471EC9255} = {827E0CD3-B72D-47B6-A68D-7590B98EB39B}
		{D8A625E5-EE02-43A9-AF3D-FD668541D26C} = {3C6691E8-081E-D8F5-5181-428471EC9255}
		{7DE01337-BBB8-4C3E-BCE3-BB0BFB36AA1B} = {3C6691E8-081E-D8F5-5181-428471EC9255}
		{00B920E4-100F-D869-D8B1-04B3A2ED45DA} = {827E0CD3-B72D-47B6-A68D-7590B98EB39B}
		{204AB815-222E-495F-AC9A-58496A322799} = {00B920E4-100F-D869-D8B1-04B3A2ED45DA}
		{8031A2A9-C4E8-4D77-A69F-8BB0EF662D35} = {00B920E4-100F-D869-D8B1-04B3A2ED45DA}
		{78E7F05D-7B84-44A2-9A0C-B4DF084CCD6C} = {0AB3BF05-4346-4AA6-1389-037BE0695223}
	EndGlobalSection
EndGlobal
